
Microsoft Visual Studio Solution File, Format Version 12.00
# Visual Studio Version 16
VisualStudioVersion = 16.0.29806.167
MinimumVisualStudioVersion = 10.0.40219.1
Project("{FAE04EC0-301F-11D3-BF4B-00C04F79EFBC}") = "Proje_Hastane", "Proje_Hastane\Proje_Hastane.csproj", "{6AA6845B-D455-4D19-B570-851ADA73A53B}"
EndProject
Global
	GlobalSection(SolutionConfigurationPlatforms) = preSolution
		Debug|Any CPU = Debug|Any CPU
		Release|Any CPU = Release|Any CPU
	EndGlobalSection
	GlobalSection(ProjectConfigurationPlatforms) = postSolution
		{6AA6845B-D455-4D19-B570-851ADA73A53B}.Debug|Any CPU.ActiveCfg = Debug|Any CPU
		{6AA6845B-D455-4D19-B570-851ADA73A53B}.Debug|Any CPU.Build.0 = Debug|Any CPU
		{6AA6845B-D455-4D19-B570-851ADA73A53B}.Release|Any CPU.ActiveCfg = Release|Any CPU
		{6AA6845B-D455-4D19-B570-851ADA73A53B}.Release|Any CPU.Build.0 = Release|Any CPU
	EndGlobalSection
	GlobalSection(SolutionProperties) = preSolution
		HideSolutionNode = FALSE
	EndGlobalSection
	GlobalSection(ExtensibilityGlobals) = postSolution
		SolutionGuid = {933FB5B6-E4C0-4050-9713-EAFFAA5368BD}
	EndGlobalSection
EndGlobal
